
Microsoft Visual Studio Solution File, Format Version 12.00
# Visual Studio Version 17
VisualStudioVersion = 17.11.35222.181
MinimumVisualStudioVersion = 10.0.40219.1
Project("{9A19103F-16F7-4668-BE54-9A1E7A4F7556}") = "BackendApi", "BackendApi\BackendApi.csproj", "{060E6FF4-7612-4C50-A299-E9AA3852C1EF}"
EndProject
Project("{9A19103F-16F7-4668-BE54-9A1E7A4F7556}") = "DataAccess", "DataAccess\DataAccess.csproj", "{C89B6450-1B40-4518-8AAA-16475515C167}"
EndProject
Project("{FAE04EC0-301F-11D3-BF4B-00C04F79EFBC}") = "Domain", "Domain\Domain.csproj", "{B2F6800F-051F-405D-9028-E75C2C75BDA4}"
EndProject
Project("{FAE04EC0-301F-11D3-BF4B-00C04F79EFBC}") = "BusinessLogic", "BusinessLogic\BusinessLogic.csproj", "{2B006B88-99AF-4C29-85ED-6F68459C75B0}"
EndProject
Global
	GlobalSection(SolutionConfigurationPlatforms) = preSolution
		Debug|Any CPU = Debug|Any CPU
		Release|Any CPU = Release|Any CPU
	EndGlobalSection
	GlobalSection(ProjectConfigurationPlatforms) = postSolution
		{060E6FF4-7612-4C50-A299-E9AA3852C1EF}.Debug|Any CPU.ActiveCfg = Debug|Any CPU
		{060E6FF4-7612-4C50-A299-E9AA3852C1EF}.Debug|Any CPU.Build.0 = Debug|Any CPU
		{060E6FF4-7612-4C50-A299-E9AA3852C1EF}.Release|Any CPU.ActiveCfg = Release|Any CPU
		{060E6FF4-7612-4C50-A299-E9AA3852C1EF}.Release|Any CPU.Build.0 = Release|Any CPU
		{C89B6450-1B40-4518-8AAA-16475515C167}.Debug|Any CPU.ActiveCfg = Debug|Any CPU
		{C89B6450-1B40-4518-8AAA-16475515C167}.Debug|Any CPU.Build.0 = Debug|Any CPU
		{C89B6450-1B40-4518-8AAA-16475515C167}.Release|Any CPU.ActiveCfg = Release|Any CPU
		{C89B6450-1B40-4518-8AAA-16475515C167}.Release|Any CPU.Build.0 = Release|Any CPU
		{B2F6800F-051F-405D-9028-E75C2C75BDA4}.Debug|Any CPU.ActiveCfg = Debug|Any CPU
		{B2F6800F-051F-405D-9028-E75C2C75BDA4}.Debug|Any CPU.Build.0 = Debug|Any CPU
		{B2F6800F-051F-405D-9028-E75C2C75BDA4}.Release|Any CPU.ActiveCfg = Release|Any CPU
		{B2F6800F-051F-405D-9028-E75C2C75BDA4}.Release|Any CPU.Build.0 = Release|Any CPU
		{2B006B88-99AF-4C29-85ED-6F68459C75B0}.Debug|Any CPU.ActiveCfg = Debug|Any CPU
		{2B006B88-99AF-4C29-85ED-6F68459C75B0}.Debug|Any CPU.Build.0 = Debug|Any CPU
		{2B006B88-99AF-4C29-85ED-6F68459C75B0}.Release|Any CPU.ActiveCfg = Release|Any CPU
		{2B006B88-99AF-4C29-85ED-6F68459C75B0}.Release|Any CPU.Build.0 = Release|Any CPU
	EndGlobalSection
	GlobalSection(SolutionProperties) = preSolution
		HideSolutionNode = FALSE
	EndGlobalSection
	GlobalSection(ExtensibilityGlobals) = postSolution
		SolutionGuid = {22E23257-6898-4197-9B86-7A61A27E0A1E}
	EndGlobalSection
EndGlobal
